
Microsoft Visual Studio Solution File, Format Version 12.00
# Visual Studio Version 18
VisualStudioVersion = 18.0.11217.181 d18.0
MinimumVisualStudioVersion = 10.0.40219.1
Project("{9A19103F-16F7-4668-BE54-9A1E7A4F7556}") = "GameOnlineStore", "GameOnlineStore\GameOnlineStore.csproj", "{AD89BF3E-531A-4B52-9A5A-380446F1907D}"
EndProject
Project("{FAE04EC0-301F-11D3-BF4B-00C04F79EFBC}") = "GameOnlineStore.Db", "OnlineShop.Db\GameOnlineStore.Db.csproj", "{3FA67BF1-FAA6-45CA-A292-49E302802742}"
EndProject
Project("{FAE04EC0-301F-11D3-BF4B-00C04F79EFBC}") = "GameOnlineStore.Data", "GameOnlineStore.Data\GameOnlineStore.Data.csproj", "{71D7B2C9-A2A4-4695-A0DA-C736D829E119}"
EndProject
Global
	GlobalSection(SolutionConfigurationPlatforms) = preSolution
		Debug|Any CPU = Debug|Any CPU
		Release|Any CPU = Release|Any CPU
	EndGlobalSection
	GlobalSection(ProjectConfigurationPlatforms) = postSolution
		{AD89BF3E-531A-4B52-9A5A-380446F1907D}.Debug|Any CPU.ActiveCfg = Debug|Any CPU
		{AD89BF3E-531A-4B52-9A5A-380446F1907D}.Debug|Any CPU.Build.0 = Debug|Any CPU
		{AD89BF3E-531A-4B52-9A5A-380446F1907D}.Release|Any CPU.ActiveCfg = Release|Any CPU
		{AD89BF3E-531A-4B52-9A5A-380446F1907D}.Release|Any CPU.Build.0 = Release|Any CPU
		{3FA67BF1-FAA6-45CA-A292-49E302802742}.Debug|Any CPU.ActiveCfg = Debug|Any CPU
		{3FA67BF1-FAA6-45CA-A292-49E302802742}.Debug|Any CPU.Build.0 = Debug|Any CPU
		{3FA67BF1-FAA6-45CA-A292-49E302802742}.Release|Any CPU.ActiveCfg = Release|Any CPU
		{3FA67BF1-FAA6-45CA-A292-49E302802742}.Release|Any CPU.Build.0 = Release|Any CPU
		{71D7B2C9-A2A4-4695-A0DA-C736D829E119}.Debug|Any CPU.ActiveCfg = Debug|Any CPU
		{71D7B2C9-A2A4-4695-A0DA-C736D829E119}.Debug|Any CPU.Build.0 = Debug|Any CPU
		{71D7B2C9-A2A4-4695-A0DA-C736D829E119}.Release|Any CPU.ActiveCfg = Release|Any CPU
		{71D7B2C9-A2A4-4695-A0DA-C736D829E119}.Release|Any CPU.Build.0 = Release|Any CPU
	EndGlobalSection
	GlobalSection(SolutionProperties) = preSolution
		HideSolutionNode = FALSE
	EndGlobalSection
	GlobalSection(ExtensibilityGlobals) = postSolution
		SolutionGuid = {8F265B9F-9EC7-4750-A467-0C0627F5841E}
	EndGlobalSection
EndGlobal
