
Microsoft Visual Studio Solution File, Format Version 12.00
# Visual Studio Version 17
VisualStudioVersion = 17.4.33122.133
MinimumVisualStudioVersion = 10.0.40219.1
Project("{9A19103F-16F7-4668-BE54-9A1E7A4F7556}") = "OnlineShopWebApplication", "OnlineShopWebApplication\OnlineShopWebApplication.csproj", "{EEE21DF3-7894-4BF5-8CCC-4DAC8EAC0090}"
EndProject
Project("{FAE04EC0-301F-11D3-BF4B-00C04F79EFBC}") = "GameOnlineStore", "GameOnlineStore\GameOnlineStore.csproj", "{AD89BF3E-531A-4B52-9A5A-380446F1907D}"
EndProject
Global
	GlobalSection(SolutionConfigurationPlatforms) = preSolution
		Debug|Any CPU = Debug|Any CPU
		Release|Any CPU = Release|Any CPU
	EndGlobalSection
	GlobalSection(ProjectConfigurationPlatforms) = postSolution
		{EEE21DF3-7894-4BF5-8CCC-4DAC8EAC0090}.Debug|Any CPU.ActiveCfg = Debug|Any CPU
		{EEE21DF3-7894-4BF5-8CCC-4DAC8EAC0090}.Debug|Any CPU.Build.0 = Debug|Any CPU
		{EEE21DF3-7894-4BF5-8CCC-4DAC8EAC0090}.Release|Any CPU.ActiveCfg = Release|Any CPU
		{EEE21DF3-7894-4BF5-8CCC-4DAC8EAC0090}.Release|Any CPU.Build.0 = Release|Any CPU
		{AD89BF3E-531A-4B52-9A5A-380446F1907D}.Debug|Any CPU.ActiveCfg = Debug|Any CPU
		{AD89BF3E-531A-4B52-9A5A-380446F1907D}.Debug|Any CPU.Build.0 = Debug|Any CPU
		{AD89BF3E-531A-4B52-9A5A-380446F1907D}.Release|Any CPU.ActiveCfg = Release|Any CPU
		{AD89BF3E-531A-4B52-9A5A-380446F1907D}.Release|Any CPU.Build.0 = Release|Any CPU
	EndGlobalSection
	GlobalSection(SolutionProperties) = preSolution
		HideSolutionNode = FALSE
	EndGlobalSection
	GlobalSection(ExtensibilityGlobals) = postSolution
		SolutionGuid = {8F265B9F-9EC7-4750-A467-0C0627F5841E}
	EndGlobalSection
EndGlobal
